
Microsoft Visual Studio Solution File, Format Version 12.00
# Visual Studio Version 16
VisualStudioVersion = 16.0.30104.148
MinimumVisualStudioVersion = 10.0.40219.1
Project("{FAE04EC0-301F-11D3-BF4B-00C04F79EFBC}") = "Primer-Parcial-Aplicada-2-Emminton", "Primer-Parcial-Aplicada-2-Emminton\Primer-Parcial-Aplicada-2-Emminton.csproj", "{547F6E98-AE8C-4606-B8A2-9AEE901752DE}"
EndProject
Global
	GlobalSection(SolutionConfigurationPlatforms) = preSolution
		Debug|Any CPU = Debug|Any CPU
		Release|Any CPU = Release|Any CPU
	EndGlobalSection
	GlobalSection(ProjectConfigurationPlatforms) = postSolution
		{547F6E98-AE8C-4606-B8A2-9AEE901752DE}.Debug|Any CPU.ActiveCfg = Debug|Any CPU
		{547F6E98-AE8C-4606-B8A2-9AEE901752DE}.Debug|Any CPU.Build.0 = Debug|Any CPU
		{547F6E98-AE8C-4606-B8A2-9AEE901752DE}.Release|Any CPU.ActiveCfg = Release|Any CPU
		{547F6E98-AE8C-4606-B8A2-9AEE901752DE}.Release|Any CPU.Build.0 = Release|Any CPU
	EndGlobalSection
	GlobalSection(SolutionProperties) = preSolution
		HideSolutionNode = FALSE
	EndGlobalSection
	GlobalSection(ExtensibilityGlobals) = postSolution
		SolutionGuid = {E47B280A-C5CB-4093-A81E-E20743A3E44E}
	EndGlobalSection
EndGlobal
